
Microsoft Visual Studio Solution File, Format Version 12.00
# Visual Studio Version 16
VisualStudioVersion = 16.0.32106.194
MinimumVisualStudioVersion = 10.0.40219.1
Project("{9A19103F-16F7-4668-BE54-9A1E7A4F7556}") = "StackExchange.Redis.Extensions.Autofac.DependencyInjection", "src\StackExchange.Redis.Extensions.Autofac.DependencyInjection.csproj", "{D1691BEF-B80D-4315-BAD5-CEB63FAE81AF}"
EndProject
Project("{9A19103F-16F7-4668-BE54-9A1E7A4F7556}") = "StackExchange.Redis.Extensions.Autofac.DependencyInjection.Tests", "test\StackExchange.Redis.Extensions.Autofac.DependencyInjection.Tests.csproj", "{17231FF9-4C38-43A1-AED3-34B64C7C1CC2}"
EndProject
Global
	GlobalSection(SolutionConfigurationPlatforms) = preSolution
		Debug|Any CPU = Debug|Any CPU
		Release|Any CPU = Release|Any CPU
	EndGlobalSection
	GlobalSection(ProjectConfigurationPlatforms) = postSolution
		{D1691BEF-B80D-4315-BAD5-CEB63FAE81AF}.Debug|Any CPU.ActiveCfg = Debug|Any CPU
		{D1691BEF-B80D-4315-BAD5-CEB63FAE81AF}.Debug|Any CPU.Build.0 = Debug|Any CPU
		{D1691BEF-B80D-4315-BAD5-CEB63FAE81AF}.Release|Any CPU.ActiveCfg = Release|Any CPU
		{D1691BEF-B80D-4315-BAD5-CEB63FAE81AF}.Release|Any CPU.Build.0 = Release|Any CPU
		{17231FF9-4C38-43A1-AED3-34B64C7C1CC2}.Debug|Any CPU.ActiveCfg = Debug|Any CPU
		{17231FF9-4C38-43A1-AED3-34B64C7C1CC2}.Debug|Any CPU.Build.0 = Debug|Any CPU
		{17231FF9-4C38-43A1-AED3-34B64C7C1CC2}.Release|Any CPU.ActiveCfg = Release|Any CPU
		{17231FF9-4C38-43A1-AED3-34B64C7C1CC2}.Release|Any CPU.Build.0 = Release|Any CPU
	EndGlobalSection
	GlobalSection(SolutionProperties) = preSolution
		HideSolutionNode = FALSE
	EndGlobalSection
	GlobalSection(ExtensibilityGlobals) = postSolution
		SolutionGuid = {1DC2FA33-FFF3-489A-9075-02F433DD02F4}
	EndGlobalSection
EndGlobal
